
Microsoft Visual Studio Solution File, Format Version 12.00
# Visual Studio Version 16
VisualStudioVersion = 16.0.31729.503
MinimumVisualStudioVersion = 10.0.40219.1
Project("{FAE04EC0-301F-11D3-BF4B-00C04F79EFBC}") = "Sistem de gestiune a unei biblioteci", "Sistem de gestiune a unei biblioteci\Sistem de gestiune a unei biblioteci.csproj", "{2A1A928E-CE3C-41D7-B5C3-2DB51CB7E8A1}"
EndProject
Global
	GlobalSection(SolutionConfigurationPlatforms) = preSolution
		Debug|Any CPU = Debug|Any CPU
		Release|Any CPU = Release|Any CPU
	EndGlobalSection
	GlobalSection(ProjectConfigurationPlatforms) = postSolution
		{2A1A928E-CE3C-41D7-B5C3-2DB51CB7E8A1}.Debug|Any CPU.ActiveCfg = Debug|Any CPU
		{2A1A928E-CE3C-41D7-B5C3-2DB51CB7E8A1}.Debug|Any CPU.Build.0 = Debug|Any CPU
		{2A1A928E-CE3C-41D7-B5C3-2DB51CB7E8A1}.Release|Any CPU.ActiveCfg = Release|Any CPU
		{2A1A928E-CE3C-41D7-B5C3-2DB51CB7E8A1}.Release|Any CPU.Build.0 = Release|Any CPU
	EndGlobalSection
	GlobalSection(SolutionProperties) = preSolution
		HideSolutionNode = FALSE
	EndGlobalSection
	GlobalSection(ExtensibilityGlobals) = postSolution
		SolutionGuid = {227F1363-5BD7-4B90-81FA-1D9157C39FC1}
	EndGlobalSection
EndGlobal
